
Microsoft Visual Studio Solution File, Format Version 12.00
# Visual Studio Version 17
VisualStudioVersion = 17.5.33516.290
MinimumVisualStudioVersion = 10.0.40219.1
Project("{9A19103F-16F7-4668-BE54-9A1E7A4F7556}") = "twitch-followage", "twitch-followage\twitch-followage.csproj", "{14A038F9-D9C6-474F-B420-9A0752BB2AFB}"
EndProject
Project("{FAE04EC0-301F-11D3-BF4B-00C04F79EFBC}") = "twitch-followage.CustomControls", "twitch-followage.CustomControls\twitch-followage.CustomControls.csproj", "{E8EA8DE4-6236-4567-8D18-78AF72F5B4C2}"
EndProject
Global
	GlobalSection(SolutionConfigurationPlatforms) = preSolution
		Debug|Any CPU = Debug|Any CPU
		Release|Any CPU = Release|Any CPU
	EndGlobalSection
	GlobalSection(ProjectConfigurationPlatforms) = postSolution
		{14A038F9-D9C6-474F-B420-9A0752BB2AFB}.Debug|Any CPU.ActiveCfg = Debug|Any CPU
		{14A038F9-D9C6-474F-B420-9A0752BB2AFB}.Debug|Any CPU.Build.0 = Debug|Any CPU
		{14A038F9-D9C6-474F-B420-9A0752BB2AFB}.Release|Any CPU.ActiveCfg = Release|Any CPU
		{14A038F9-D9C6-474F-B420-9A0752BB2AFB}.Release|Any CPU.Build.0 = Release|Any CPU
		{E8EA8DE4-6236-4567-8D18-78AF72F5B4C2}.Debug|Any CPU.ActiveCfg = Debug|Any CPU
		{E8EA8DE4-6236-4567-8D18-78AF72F5B4C2}.Debug|Any CPU.Build.0 = Debug|Any CPU
		{E8EA8DE4-6236-4567-8D18-78AF72F5B4C2}.Release|Any CPU.ActiveCfg = Release|Any CPU
		{E8EA8DE4-6236-4567-8D18-78AF72F5B4C2}.Release|Any CPU.Build.0 = Release|Any CPU
	EndGlobalSection
	GlobalSection(SolutionProperties) = preSolution
		HideSolutionNode = FALSE
	EndGlobalSection
	GlobalSection(ExtensibilityGlobals) = postSolution
		SolutionGuid = {F0C23E4D-65C2-4B71-89F1-F9539BDC7916}
	EndGlobalSection
EndGlobal
